github.com/cucumber/godog v0.12.4 h1:m+vQaDztkpwpmkBIX6jlwNFJiuCMkPjz5jkrUq4SIlM=
github.com/cucumber/godog v0.12.4/go.mod h1:u6SD7IXC49dLpPN35kal0oYEjsXZWee4pW6Tm9t5pIc=
gopkg.in/mgo.v2 v2.0.0-20190816093944-a6b53ec6cb22 h1:VpOs+IwYnYBaFnrNAeB8UUWtL3vEUnzSCL1nVjPhqrw=
gopkg.in/mgo.v2 v2.0.0-20190816093944-a6b53ec6cb22/go.mod h1:yeKp02qBN3iKW1OzL3MGk2IdtZzaj7SFntXj72NppTA=
gopkg.in/resty.v1 v1.12.0/go.mod h1:mDo4pnntr5jdWRML875a/NmxYqAlA73dVijT2AXvQQo=
