github.com/SermoDigital/jose v0.9.2-0.20180104203859-803625baeddc h1:MhBvG7RLaLqlyjxMR6of35vt6MVQ+eXMcgn9X/sy0FE=
github.com/SermoDigital/jose v0.9.2-0.20180104203859-803625baeddc/go.mod h1:ARgCUhI1MHQH+ONky/PAtmVHQrP5JlGY0F3poXOp/fA=
github.com/building-microservices-with-go/crypto v0.0.0-20171126103945-cae678b27eba h1:BWOCR3HMILWv0rVpJry1242pU3ACgOvyX5XIt5ZsCUM=
github.com/building-microservices-with-go/crypto v0.0.0-20171126103945-cae678b27eba/go.mod h1:FmogkYQuqlkgMu4IEgZs2yBgKc8ItZAxyxZRDT6BVsQ=
